
Microsoft Visual Studio Solution File, Format Version 12.00
# Visual Studio Version 16
VisualStudioVersion = 16.0.29025.244
MinimumVisualStudioVersion = 10.0.40219.1
Project("{FAE04EC0-301F-11D3-BF4B-00C04F79EFBC}") = "WpfApp11", "WpfApp11\WpfApp11.csproj", "{F615316A-14F6-4C26-856A-E6F9DDFD2DD8}"
EndProject
Global
	GlobalSection(SolutionConfigurationPlatforms) = preSolution
		Debug|Any CPU = Debug|Any CPU
		Release|Any CPU = Release|Any CPU
	EndGlobalSection
	GlobalSection(ProjectConfigurationPlatforms) = postSolution
		{F615316A-14F6-4C26-856A-E6F9DDFD2DD8}.Debug|Any CPU.ActiveCfg = Debug|Any CPU
		{F615316A-14F6-4C26-856A-E6F9DDFD2DD8}.Debug|Any CPU.Build.0 = Debug|Any CPU
		{F615316A-14F6-4C26-856A-E6F9DDFD2DD8}.Release|Any CPU.ActiveCfg = Release|Any CPU
		{F615316A-14F6-4C26-856A-E6F9DDFD2DD8}.Release|Any CPU.Build.0 = Release|Any CPU
	EndGlobalSection
	GlobalSection(SolutionProperties) = preSolution
		HideSolutionNode = FALSE
	EndGlobalSection
	GlobalSection(ExtensibilityGlobals) = postSolution
		SolutionGuid = {DE9578D4-78AC-408B-915A-607DFA888B33}
	EndGlobalSection
EndGlobal
